// !$*UTF8*$!
{
	archiveVersion = 1;
	classes = {
	};
	objectVersion = 56;
	objects = {

/* Begin PBXBuildFile section */
		9A0034FC2930F9200065E1F3 /* TabbView.swift in Sources */ = {isa = PBXBuildFile; fileRef = 9A0034FB2930F9200065E1F3 /* TabbView.swift */; };
		9A0034FE2930F9460065E1F3 /* ProfilView.swift in Sources */ = {isa = PBXBuildFile; fileRef = 9A0034FD2930F9460065E1F3 /* ProfilView.swift */; };
		9A0035002930FD010065E1F3 /* IPView.swift in Sources */ = {isa = PBXBuildFile; fileRef = 9A0034FF2930FD010065E1F3 /* IPView.swift */; };
		9A003502293101350065E1F3 /* LogView.swift in Sources */ = {isa = PBXBuildFile; fileRef = 9A003501293101350065E1F3 /* LogView.swift */; };
		9A0035042931062B0065E1F3 /* LogItemView.swift in Sources */ = {isa = PBXBuildFile; fileRef = 9A0035032931062B0065E1F3 /* LogItemView.swift */; };
		9A003506293129930065E1F3 /* AccountView.swift in Sources */ = {isa = PBXBuildFile; fileRef = 9A003505293129930065E1F3 /* AccountView.swift */; };
		9A08D1D82979AB47002CF0E8 /* Introspect in Frameworks */ = {isa = PBXBuildFile; productRef = 9A08D1D72979AB47002CF0E8 /* Introspect */; };
		9A3313FC29844E4D009E47F5 /* Intents.framework in Frameworks */ = {isa = PBXBuildFile; fileRef = 9A3313FB29844E4D009E47F5 /* Intents.framework */; };
		9A3313FF29844E4D009E47F5 /* IntentHandler.swift in Sources */ = {isa = PBXBuildFile; fileRef = 9A3313FE29844E4D009E47F5 /* IntentHandler.swift */; };
		9A33140329844E4D009E47F5 /* HealthcheckIntents.appex in Embed Foundation Extensions */ = {isa = PBXBuildFile; fileRef = 9A3313FA29844E4D009E47F5 /* HealthcheckIntents.appex */; settings = {ATTRIBUTES = (RemoveHeadersOnCopy, ); }; };
		9A33140729844F1B009E47F5 /* HealthcheckWidget.intentdefinition in Sources */ = {isa = PBXBuildFile; fileRef = 9ABB37D9297B26A600FC9B74 /* HealthcheckWidget.intentdefinition */; };
		9A33140829845032009E47F5 /* IntentHandler.swift in Sources */ = {isa = PBXBuildFile; fileRef = 9A3313FE29844E4D009E47F5 /* IntentHandler.swift */; };
		9A33140929845AF1009E47F5 /* IntentHandler.swift in Sources */ = {isa = PBXBuildFile; fileRef = 9A3313FE29844E4D009E47F5 /* IntentHandler.swift */; };
		9A33140A29845F21009E47F5 /* NetworkServices.swift in Sources */ = {isa = PBXBuildFile; fileRef = 9AACEBA0291853C9009B506D /* NetworkServices.swift */; };
		9A33140B29845F41009E47F5 /* Models.swift in Sources */ = {isa = PBXBuildFile; fileRef = 9AACEBA329185411009B506D /* Models.swift */; };
		9A33140C29845F4B009E47F5 /* SetupPrefs.swift in Sources */ = {isa = PBXBuildFile; fileRef = 9AACEBA52918577D009B506D /* SetupPrefs.swift */; };
		9A5A359E29756EFA006F27EB /* WhatsNewView.swift in Sources */ = {isa = PBXBuildFile; fileRef = 9A5A359C29756EFA006F27EB /* WhatsNewView.swift */; };
		9A5A359F29756EFA006F27EB /* WhatsNewItemView.swift in Sources */ = {isa = PBXBuildFile; fileRef = 9A5A359D29756EFA006F27EB /* WhatsNewItemView.swift */; };
		9A8D5BE229196290006B8A74 /* ErrorSheetView.swift in Sources */ = {isa = PBXBuildFile; fileRef = 9A8D5BE129196290006B8A74 /* ErrorSheetView.swift */; };
		9A8D5BE429197355006B8A74 /* DetailDomainView.swift in Sources */ = {isa = PBXBuildFile; fileRef = 9A8D5BE329197355006B8A74 /* DetailDomainView.swift */; };
		9A8D5C0529199141006B8A74 /* HelpView.swift in Sources */ = {isa = PBXBuildFile; fileRef = 9A8D5C0429199141006B8A74 /* HelpView.swift */; };
		9AACEB8C291851E1009B506D /* IPv64App.swift in Sources */ = {isa = PBXBuildFile; fileRef = 9AACEB8B291851E1009B506D /* IPv64App.swift */; };
		9AACEB8E291851E1009B506D /* ContentView.swift in Sources */ = {isa = PBXBuildFile; fileRef = 9AACEB8D291851E1009B506D /* ContentView.swift */; };
		9AACEB90291851E2009B506D /* Assets.xcassets in Resources */ = {isa = PBXBuildFile; fileRef = 9AACEB8F291851E2009B506D /* Assets.xcassets */; };
		9AACEB93291851E2009B506D /* Preview Assets.xcassets in Resources */ = {isa = PBXBuildFile; fileRef = 9AACEB92291851E2009B506D /* Preview Assets.xcassets */; };
		9AACEB98291851E2009B506D /* IPv64.xcdatamodeld in Sources */ = {isa = PBXBuildFile; fileRef = 9AACEB96291851E2009B506D /* IPv64.xcdatamodeld */; };
		9AACEB9F2918524B009B506D /* LoginView.swift in Sources */ = {isa = PBXBuildFile; fileRef = 9AACEB9E2918524B009B506D /* LoginView.swift */; };
		9AACEBA1291853C9009B506D /* NetworkServices.swift in Sources */ = {isa = PBXBuildFile; fileRef = 9AACEBA0291853C9009B506D /* NetworkServices.swift */; };
		9AACEBA429185411009B506D /* Models.swift in Sources */ = {isa = PBXBuildFile; fileRef = 9AACEBA329185411009B506D /* Models.swift */; };
		9AACEBA62918577D009B506D /* SetupPrefs.swift in Sources */ = {isa = PBXBuildFile; fileRef = 9AACEBA52918577D009B506D /* SetupPrefs.swift */; };
		9AACEBA8291857AF009B506D /* SpinnerView.swift in Sources */ = {isa = PBXBuildFile; fileRef = 9AACEBA7291857AF009B506D /* SpinnerView.swift */; };
		9AACEBAA2918609F009B506D /* NewDomainView.swift in Sources */ = {isa = PBXBuildFile; fileRef = 9AACEBA92918609F009B506D /* NewDomainView.swift */; };
		9AAEF655297F089D00726849 /* Biometrics.swift in Sources */ = {isa = PBXBuildFile; fileRef = 9AAEF654297F089D00726849 /* Biometrics.swift */; };
		9AAEF657297F0D3800726849 /* LockView.swift in Sources */ = {isa = PBXBuildFile; fileRef = 9AAEF656297F0D3800726849 /* LockView.swift */; };
		9AB155C229747DAC0052F21E /* CodeScanner.swift in Sources */ = {isa = PBXBuildFile; fileRef = 9AB155C129747DAC0052F21E /* CodeScanner.swift */; };
		9AB78EB7297740D00047FDFA /* DetailHealthcheckView.swift in Sources */ = {isa = PBXBuildFile; fileRef = 9AB78EB6297740D00047FDFA /* DetailHealthcheckView.swift */; };
		9ABB37CF297B26A600FC9B74 /* WidgetKit.framework in Frameworks */ = {isa = PBXBuildFile; fileRef = 9ABB37CE297B26A600FC9B74 /* WidgetKit.framework */; };
		9ABB37D1297B26A600FC9B74 /* SwiftUI.framework in Frameworks */ = {isa = PBXBuildFile; fileRef = 9ABB37D0297B26A600FC9B74 /* SwiftUI.framework */; };
		9ABB37D4297B26A600FC9B74 /* HealthcheckWidgetBundle.swift in Sources */ = {isa = PBXBuildFile; fileRef = 9ABB37D3297B26A600FC9B74 /* HealthcheckWidgetBundle.swift */; };
		9ABB37D6297B26A600FC9B74 /* HealthcheckWidgetLiveActivity.swift in Sources */ = {isa = PBXBuildFile; fileRef = 9ABB37D5297B26A600FC9B74 /* HealthcheckWidgetLiveActivity.swift */; };
		9ABB37D8297B26A600FC9B74 /* HealthcheckWidget.swift in Sources */ = {isa = PBXBuildFile; fileRef = 9ABB37D7297B26A600FC9B74 /* HealthcheckWidget.swift */; };
		9ABB37DB297B26A700FC9B74 /* Assets.xcassets in Resources */ = {isa = PBXBuildFile; fileRef = 9ABB37DA297B26A700FC9B74 /* Assets.xcassets */; };
		9ABB37DD297B26A700FC9B74 /* HealthcheckWidget.intentdefinition in Sources */ = {isa = PBXBuildFile; fileRef = 9ABB37D9297B26A600FC9B74 /* HealthcheckWidget.intentdefinition */; };
		9ABB37DE297B26A700FC9B74 /* HealthcheckWidget.intentdefinition in Sources */ = {isa = PBXBuildFile; fileRef = 9ABB37D9297B26A600FC9B74 /* HealthcheckWidget.intentdefinition */; };
		9ABB37E1297B26A700FC9B74 /* HealthcheckWidgetExtension.appex in Embed Foundation Extensions */ = {isa = PBXBuildFile; fileRef = 9ABB37CC297B26A600FC9B74 /* HealthcheckWidgetExtension.appex */; settings = {ATTRIBUTES = (RemoveHeadersOnCopy, ); }; };
		9ABB37EC297B2CD900FC9B74 /* SmallSizeView.swift in Sources */ = {isa = PBXBuildFile; fileRef = 9ABB37E8297B2C1600FC9B74 /* SmallSizeView.swift */; };
		9ABB37ED297B2CD900FC9B74 /* LargeSizeView.swift in Sources */ = {isa = PBXBuildFile; fileRef = 9ABB37EA297B2C2A00FC9B74 /* LargeSizeView.swift */; };
		9ABB37EE297B2CD900FC9B74 /* MediumSizeView.swift in Sources */ = {isa = PBXBuildFile; fileRef = 9ABB37E6297B2BFF00FC9B74 /* MediumSizeView.swift */; };
		9ABB37F0297B314400FC9B74 /* Models.swift in Sources */ = {isa = PBXBuildFile; fileRef = 9AACEBA329185411009B506D /* Models.swift */; };
		9ABB37F1297B380300FC9B74 /* Assets.xcassets in Resources */ = {isa = PBXBuildFile; fileRef = 9AACEB8F291851E2009B506D /* Assets.xcassets */; };
		9ABB37F2297B533200FC9B74 /* NetworkServices.swift in Sources */ = {isa = PBXBuildFile; fileRef = 9AACEBA0291853C9009B506D /* NetworkServices.swift */; };
		9ABB37F3297B544800FC9B74 /* SetupPrefs.swift in Sources */ = {isa = PBXBuildFile; fileRef = 9AACEBA52918577D009B506D /* SetupPrefs.swift */; };
		9ABB37F4297B5CB800FC9B74 /* SpinnerView.swift in Sources */ = {isa = PBXBuildFile; fileRef = 9AACEBA7291857AF009B506D /* SpinnerView.swift */; };
		9ABB37F8297C6BDB00FC9B74 /* EditHealthcheckView.swift in Sources */ = {isa = PBXBuildFile; fileRef = 9ABB37F7297C6BDB00FC9B74 /* EditHealthcheckView.swift */; };
		9AC2EDEC291ADFAF00140CD9 /* NewDomainDNSView.swift in Sources */ = {isa = PBXBuildFile; fileRef = 9AC2EDEB291ADFAF00140CD9 /* NewDomainDNSView.swift */; };
		9AD5DF5E2975B5DB007928F6 /* HealthcheckView.swift in Sources */ = {isa = PBXBuildFile; fileRef = 9AD5DF5D2975B5DB007928F6 /* HealthcheckView.swift */; };
		9AD5DF612975BAC3007928F6 /* HealthcheckStatsView.swift in Sources */ = {isa = PBXBuildFile; fileRef = 9AD5DF602975BAC3007928F6 /* HealthcheckStatsView.swift */; };
		9AD5DF632975BAD7007928F6 /* HealthcheckStatsItem.swift in Sources */ = {isa = PBXBuildFile; fileRef = 9AD5DF622975BAD7007928F6 /* HealthcheckStatsItem.swift */; };
		9AD5DF652975ECC1007928F6 /* NewHealthcheckView.swift in Sources */ = {isa = PBXBuildFile; fileRef = 9AD5DF642975ECC1007928F6 /* NewHealthcheckView.swift */; };
		9AE5E22E298302280019D524 /* AccessoryInlineView.swift in Sources */ = {isa = PBXBuildFile; fileRef = 9AE5E22D298302280019D524 /* AccessoryInlineView.swift */; };
/* End PBXBuildFile section */

/* Begin PBXContainerItemProxy section */
		9A33140129844E4D009E47F5 /* PBXContainerItemProxy */ = {
			isa = PBXContainerItemProxy;
			containerPortal = 9AACEB80291851E1009B506D /* Project object */;
			proxyType = 1;
			remoteGlobalIDString = 9A3313F929844E4D009E47F5;
			remoteInfo = HealthcheckIntents;
		};
		9ABB37DF297B26A700FC9B74 /* PBXContainerItemProxy */ = {
			isa = PBXContainerItemProxy;
			containerPortal = 9AACEB80291851E1009B506D /* Project object */;
			proxyType = 1;
			remoteGlobalIDString = 9ABB37CB297B26A600FC9B74;
			remoteInfo = HealthcheckWidgetExtension;
		};
/* End PBXContainerItemProxy section */

/* Begin PBXCopyFilesBuildPhase section */
		9ABB37E2297B26A700FC9B74 /* Embed Foundation Extensions */ = {
			isa = PBXCopyFilesBuildPhase;
			buildActionMask = 2147483647;
			dstPath = "";
			dstSubfolderSpec = 13;
			files = (
				9ABB37E1297B26A700FC9B74 /* HealthcheckWidgetExtension.appex in Embed Foundation Extensions */,
				9A33140329844E4D009E47F5 /* HealthcheckIntents.appex in Embed Foundation Extensions */,
			);
			name = "Embed Foundation Extensions";
			runOnlyForDeploymentPostprocessing = 0;
		};
/* End PBXCopyFilesBuildPhase section */

/* Begin PBXFileReference section */
		9A0034FB2930F9200065E1F3 /* TabbView.swift */ = {isa = PBXFileReference; lastKnownFileType = sourcecode.swift; path = TabbView.swift; sourceTree = "<group>"; };
		9A0034FD2930F9460065E1F3 /* ProfilView.swift */ = {isa = PBXFileReference; lastKnownFileType = sourcecode.swift; path = ProfilView.swift; sourceTree = "<group>"; };
		9A0034FF2930FD010065E1F3 /* IPView.swift */ = {isa = PBXFileReference; lastKnownFileType = sourcecode.swift; path = IPView.swift; sourceTree = "<group>"; };
		9A003501293101350065E1F3 /* LogView.swift */ = {isa = PBXFileReference; lastKnownFileType = sourcecode.swift; path = LogView.swift; sourceTree = "<group>"; };
		9A0035032931062B0065E1F3 /* LogItemView.swift */ = {isa = PBXFileReference; lastKnownFileType = sourcecode.swift; path = LogItemView.swift; sourceTree = "<group>"; };
		9A003505293129930065E1F3 /* AccountView.swift */ = {isa = PBXFileReference; lastKnownFileType = sourcecode.swift; path = AccountView.swift; sourceTree = "<group>"; };
		9A3313FA29844E4D009E47F5 /* HealthcheckIntents.appex */ = {isa = PBXFileReference; explicitFileType = "wrapper.app-extension"; includeInIndex = 0; path = HealthcheckIntents.appex; sourceTree = BUILT_PRODUCTS_DIR; };
		9A3313FB29844E4D009E47F5 /* Intents.framework */ = {isa = PBXFileReference; lastKnownFileType = wrapper.framework; name = Intents.framework; path = System/Library/Frameworks/Intents.framework; sourceTree = SDKROOT; };
		9A3313FE29844E4D009E47F5 /* IntentHandler.swift */ = {isa = PBXFileReference; lastKnownFileType = sourcecode.swift; path = IntentHandler.swift; sourceTree = "<group>"; };
		9A33140029844E4D009E47F5 /* Info.plist */ = {isa = PBXFileReference; lastKnownFileType = text.plist.xml; path = Info.plist; sourceTree = "<group>"; };
		9A5A359C29756EFA006F27EB /* WhatsNewView.swift */ = {isa = PBXFileReference; fileEncoding = 4; lastKnownFileType = sourcecode.swift; path = WhatsNewView.swift; sourceTree = "<group>"; };
		9A5A359D29756EFA006F27EB /* WhatsNewItemView.swift */ = {isa = PBXFileReference; fileEncoding = 4; lastKnownFileType = sourcecode.swift; path = WhatsNewItemView.swift; sourceTree = "<group>"; };
		9A8D5BE129196290006B8A74 /* ErrorSheetView.swift */ = {isa = PBXFileReference; lastKnownFileType = sourcecode.swift; path = ErrorSheetView.swift; sourceTree = "<group>"; };
		9A8D5BE329197355006B8A74 /* DetailDomainView.swift */ = {isa = PBXFileReference; lastKnownFileType = sourcecode.swift; path = DetailDomainView.swift; sourceTree = "<group>"; };
		9A8D5C0429199141006B8A74 /* HelpView.swift */ = {isa = PBXFileReference; lastKnownFileType = sourcecode.swift; path = HelpView.swift; sourceTree = "<group>"; };
		9AA1F99F29847A5B00170C69 /* HealthcheckIntents.entitlements */ = {isa = PBXFileReference; lastKnownFileType = text.plist.entitlements; path = HealthcheckIntents.entitlements; sourceTree = "<group>"; };
		9AACEB88291851E1009B506D /* IPv64.app */ = {isa = PBXFileReference; explicitFileType = wrapper.application; includeInIndex = 0; path = IPv64.app; sourceTree = BUILT_PRODUCTS_DIR; };
		9AACEB8B291851E1009B506D /* IPv64App.swift */ = {isa = PBXFileReference; lastKnownFileType = sourcecode.swift; path = IPv64App.swift; sourceTree = "<group>"; };
		9AACEB8D291851E1009B506D /* ContentView.swift */ = {isa = PBXFileReference; lastKnownFileType = sourcecode.swift; path = ContentView.swift; sourceTree = "<group>"; };
		9AACEB8F291851E2009B506D /* Assets.xcassets */ = {isa = PBXFileReference; lastKnownFileType = folder.assetcatalog; path = Assets.xcassets; sourceTree = "<group>"; };
		9AACEB92291851E2009B506D /* Preview Assets.xcassets */ = {isa = PBXFileReference; lastKnownFileType = folder.assetcatalog; path = "Preview Assets.xcassets"; sourceTree = "<group>"; };
		9AACEB97291851E2009B506D /* IPv64.xcdatamodel */ = {isa = PBXFileReference; lastKnownFileType = wrapper.xcdatamodel; path = IPv64.xcdatamodel; sourceTree = "<group>"; };
		9AACEB9E2918524B009B506D /* LoginView.swift */ = {isa = PBXFileReference; lastKnownFileType = sourcecode.swift; path = LoginView.swift; sourceTree = "<group>"; };
		9AACEBA0291853C9009B506D /* NetworkServices.swift */ = {isa = PBXFileReference; fileEncoding = 4; lastKnownFileType = sourcecode.swift; path = NetworkServices.swift; sourceTree = "<group>"; };
		9AACEBA329185411009B506D /* Models.swift */ = {isa = PBXFileReference; fileEncoding = 4; lastKnownFileType = sourcecode.swift; path = Models.swift; sourceTree = "<group>"; };
		9AACEBA52918577D009B506D /* SetupPrefs.swift */ = {isa = PBXFileReference; fileEncoding = 4; lastKnownFileType = sourcecode.swift; path = SetupPrefs.swift; sourceTree = "<group>"; };
		9AACEBA7291857AF009B506D /* SpinnerView.swift */ = {isa = PBXFileReference; fileEncoding = 4; lastKnownFileType = sourcecode.swift; path = SpinnerView.swift; sourceTree = "<group>"; };
		9AACEBA92918609F009B506D /* NewDomainView.swift */ = {isa = PBXFileReference; lastKnownFileType = sourcecode.swift; path = NewDomainView.swift; sourceTree = "<group>"; };
		9AAEF654297F089D00726849 /* Biometrics.swift */ = {isa = PBXFileReference; fileEncoding = 4; lastKnownFileType = sourcecode.swift; path = Biometrics.swift; sourceTree = "<group>"; };
		9AAEF656297F0D3800726849 /* LockView.swift */ = {isa = PBXFileReference; fileEncoding = 4; lastKnownFileType = sourcecode.swift; path = LockView.swift; sourceTree = "<group>"; };
		9AB155C129747DAC0052F21E /* CodeScanner.swift */ = {isa = PBXFileReference; fileEncoding = 4; lastKnownFileType = sourcecode.swift; path = CodeScanner.swift; sourceTree = "<group>"; };
		9AB155C329747F5C0052F21E /* Info.plist */ = {isa = PBXFileReference; lastKnownFileType = text.plist.xml; path = Info.plist; sourceTree = "<group>"; };
		9AB78EB6297740D00047FDFA /* DetailHealthcheckView.swift */ = {isa = PBXFileReference; fileEncoding = 4; lastKnownFileType = sourcecode.swift; path = DetailHealthcheckView.swift; sourceTree = "<group>"; };
		9ABB37CC297B26A600FC9B74 /* HealthcheckWidgetExtension.appex */ = {isa = PBXFileReference; explicitFileType = "wrapper.app-extension"; includeInIndex = 0; path = HealthcheckWidgetExtension.appex; sourceTree = BUILT_PRODUCTS_DIR; };
		9ABB37CE297B26A600FC9B74 /* WidgetKit.framework */ = {isa = PBXFileReference; lastKnownFileType = wrapper.framework; name = WidgetKit.framework; path = System/Library/Frameworks/WidgetKit.framework; sourceTree = SDKROOT; };
		9ABB37D0297B26A600FC9B74 /* SwiftUI.framework */ = {isa = PBXFileReference; lastKnownFileType = wrapper.framework; name = SwiftUI.framework; path = System/Library/Frameworks/SwiftUI.framework; sourceTree = SDKROOT; };
		9ABB37D3297B26A600FC9B74 /* HealthcheckWidgetBundle.swift */ = {isa = PBXFileReference; lastKnownFileType = sourcecode.swift; path = HealthcheckWidgetBundle.swift; sourceTree = "<group>"; };
		9ABB37D5297B26A600FC9B74 /* HealthcheckWidgetLiveActivity.swift */ = {isa = PBXFileReference; lastKnownFileType = sourcecode.swift; path = HealthcheckWidgetLiveActivity.swift; sourceTree = "<group>"; };
		9ABB37D7297B26A600FC9B74 /* HealthcheckWidget.swift */ = {isa = PBXFileReference; lastKnownFileType = sourcecode.swift; path = HealthcheckWidget.swift; sourceTree = "<group>"; };
		9ABB37D9297B26A600FC9B74 /* HealthcheckWidget.intentdefinition */ = {isa = PBXFileReference; lastKnownFileType = file.intentdefinition; path = HealthcheckWidget.intentdefinition; sourceTree = "<group>"; };
		9ABB37DA297B26A700FC9B74 /* Assets.xcassets */ = {isa = PBXFileReference; lastKnownFileType = folder.assetcatalog; path = Assets.xcassets; sourceTree = "<group>"; };
		9ABB37DC297B26A700FC9B74 /* Info.plist */ = {isa = PBXFileReference; lastKnownFileType = text.plist.xml; path = Info.plist; sourceTree = "<group>"; };
		9ABB37E6297B2BFF00FC9B74 /* MediumSizeView.swift */ = {isa = PBXFileReference; lastKnownFileType = sourcecode.swift; path = MediumSizeView.swift; sourceTree = "<group>"; };
		9ABB37E8297B2C1600FC9B74 /* SmallSizeView.swift */ = {isa = PBXFileReference; lastKnownFileType = sourcecode.swift; path = SmallSizeView.swift; sourceTree = "<group>"; };
		9ABB37EA297B2C2A00FC9B74 /* LargeSizeView.swift */ = {isa = PBXFileReference; lastKnownFileType = sourcecode.swift; path = LargeSizeView.swift; sourceTree = "<group>"; };
		9ABB37F5297B659200FC9B74 /* IPv64.entitlements */ = {isa = PBXFileReference; lastKnownFileType = text.plist.entitlements; path = IPv64.entitlements; sourceTree = "<group>"; };
		9ABB37F6297B65BF00FC9B74 /* HealthcheckWidgetExtension.entitlements */ = {isa = PBXFileReference; lastKnownFileType = text.plist.entitlements; path = HealthcheckWidgetExtension.entitlements; sourceTree = "<group>"; };
		9ABB37F7297C6BDB00FC9B74 /* EditHealthcheckView.swift */ = {isa = PBXFileReference; lastKnownFileType = sourcecode.swift; path = EditHealthcheckView.swift; sourceTree = "<group>"; };
		9AC2EDEB291ADFAF00140CD9 /* NewDomainDNSView.swift */ = {isa = PBXFileReference; lastKnownFileType = sourcecode.swift; path = NewDomainDNSView.swift; sourceTree = "<group>"; };
		9AD5DF5D2975B5DB007928F6 /* HealthcheckView.swift */ = {isa = PBXFileReference; lastKnownFileType = sourcecode.swift; path = HealthcheckView.swift; sourceTree = "<group>"; };
		9AD5DF602975BAC3007928F6 /* HealthcheckStatsView.swift */ = {isa = PBXFileReference; lastKnownFileType = sourcecode.swift; path = HealthcheckStatsView.swift; sourceTree = "<group>"; };
		9AD5DF622975BAD7007928F6 /* HealthcheckStatsItem.swift */ = {isa = PBXFileReference; lastKnownFileType = sourcecode.swift; path = HealthcheckStatsItem.swift; sourceTree = "<group>"; };
		9AD5DF642975ECC1007928F6 /* NewHealthcheckView.swift */ = {isa = PBXFileReference; lastKnownFileType = sourcecode.swift; path = NewHealthcheckView.swift; sourceTree = "<group>"; };
		9AE5E22D298302280019D524 /* AccessoryInlineView.swift */ = {isa = PBXFileReference; fileEncoding = 4; lastKnownFileType = sourcecode.swift; path = AccessoryInlineView.swift; sourceTree = "<group>"; };
/* End PBXFileReference section */

/* Begin PBXFrameworksBuildPhase section */
		9A3313F729844E4D009E47F5 /* Frameworks */ = {
			isa = PBXFrameworksBuildPhase;
			buildActionMask = 2147483647;
			files = (
				9A3313FC29844E4D009E47F5 /* Intents.framework in Frameworks */,
			);
			runOnlyForDeploymentPostprocessing = 0;
		};
		9AACEB85291851E1009B506D /* Frameworks */ = {
			isa = PBXFrameworksBuildPhase;
			buildActionMask = 2147483647;
			files = (
				9A08D1D82979AB47002CF0E8 /* Introspect in Frameworks */,
			);
			runOnlyForDeploymentPostprocessing = 0;
		};
		9ABB37C9297B26A600FC9B74 /* Frameworks */ = {
			isa = PBXFrameworksBuildPhase;
			buildActionMask = 2147483647;
			files = (
				9ABB37D1297B26A600FC9B74 /* SwiftUI.framework in Frameworks */,
				9ABB37CF297B26A600FC9B74 /* WidgetKit.framework in Frameworks */,
			);
			runOnlyForDeploymentPostprocessing = 0;
		};
/* End PBXFrameworksBuildPhase section */

/* Begin PBXGroup section */
		9A3313FD29844E4D009E47F5 /* HealthcheckIntents */ = {
			isa = PBXGroup;
			children = (
				9AA1F99F29847A5B00170C69 /* HealthcheckIntents.entitlements */,
				9A3313FE29844E4D009E47F5 /* IntentHandler.swift */,
				9A33140029844E4D009E47F5 /* Info.plist */,
			);
			path = HealthcheckIntents;
			sourceTree = "<group>";
		};
		9A5A359B29756EFA006F27EB /* WhatsNew */ = {
			isa = PBXGroup;
			children = (
				9A5A359C29756EFA006F27EB /* WhatsNewView.swift */,
				9A5A359D29756EFA006F27EB /* WhatsNewItemView.swift */,
			);
			path = WhatsNew;
			sourceTree = "<group>";
		};
		9A7CDCDB296DEA3900237D5B /* Sheets */ = {
			isa = PBXGroup;
			children = (
				9AACEBA92918609F009B506D /* NewDomainView.swift */,
				9AC2EDEB291ADFAF00140CD9 /* NewDomainDNSView.swift */,
			);
			path = Sheets;
			sourceTree = "<group>";
		};
		9A7CDCDC296DEA5800237D5B /* Domains */ = {
			isa = PBXGroup;
			children = (
				9A7CDCDB296DEA3900237D5B /* Sheets */,
				9AACEB8D291851E1009B506D /* ContentView.swift */,
				9A8D5BE329197355006B8A74 /* DetailDomainView.swift */,
			);
			path = Domains;
			sourceTree = "<group>";
		};
		9A7CDCDD296DEA6500237D5B /* Account */ = {
			isa = PBXGroup;
			children = (
				9A7CDCDF296DEBA200237D5B /* Items */,
				9A0034FD2930F9460065E1F3 /* ProfilView.swift */,
				9A003501293101350065E1F3 /* LogView.swift */,
				9A003505293129930065E1F3 /* AccountView.swift */,
				9A0034FF2930FD010065E1F3 /* IPView.swift */,
				9A8D5C0429199141006B8A74 /* HelpView.swift */,
			);
			path = Account;
			sourceTree = "<group>";
		};
		9A7CDCDE296DEA6F00237D5B /* Main */ = {
			isa = PBXGroup;
			children = (
				9AD5DF5C2975B5C8007928F6 /* Healthcheck */,
				9A5A359B29756EFA006F27EB /* WhatsNew */,
				9A7CDCDD296DEA6500237D5B /* Account */,
				9A7CDCDC296DEA5800237D5B /* Domains */,
				9A7CDCE0296DEBD400237D5B /* Sheets */,
				9AACEB9E2918524B009B506D /* LoginView.swift */,
				9A0034FB2930F9200065E1F3 /* TabbView.swift */,
				9AAEF656297F0D3800726849 /* LockView.swift */,
			);
			path = Main;
			sourceTree = "<group>";
		};
		9A7CDCDF296DEBA200237D5B /* Items */ = {
			isa = PBXGroup;
			children = (
				9A0035032931062B0065E1F3 /* LogItemView.swift */,
			);
			path = Items;
			sourceTree = "<group>";
		};
		9A7CDCE0296DEBD400237D5B /* Sheets */ = {
			isa = PBXGroup;
			children = (
				9A8D5BE129196290006B8A74 /* ErrorSheetView.swift */,
			);
			path = Sheets;
			sourceTree = "<group>";
		};
		9A7CDCE1296DEBE800237D5B /* HelperViews */ = {
			isa = PBXGroup;
			children = (
				9AB155C129747DAC0052F21E /* CodeScanner.swift */,
				9AACEBA7291857AF009B506D /* SpinnerView.swift */,
			);
			path = HelperViews;
			sourceTree = "<group>";
		};
		9A7CDCE2296DEBF700237D5B /* Models&Helpers */ = {
			isa = PBXGroup;
			children = (
				9AAEF654297F089D00726849 /* Biometrics.swift */,
				9AACEBA52918577D009B506D /* SetupPrefs.swift */,
				9AACEBA0291853C9009B506D /* NetworkServices.swift */,
				9AACEBA329185411009B506D /* Models.swift */,
			);
			path = "Models&Helpers";
			sourceTree = "<group>";
		};
		9AACEB7F291851E1009B506D = {
			isa = PBXGroup;
			children = (
				9ABB37F6297B65BF00FC9B74 /* HealthcheckWidgetExtension.entitlements */,
				9AACEB8A291851E1009B506D /* IPv64 */,
				9ABB37D2297B26A600FC9B74 /* HealthcheckWidget */,
				9A3313FD29844E4D009E47F5 /* HealthcheckIntents */,
				9ABB37CD297B26A600FC9B74 /* Frameworks */,
				9AACEB89291851E1009B506D /* Products */,
			);
			sourceTree = "<group>";
		};
		9AACEB89291851E1009B506D /* Products */ = {
			isa = PBXGroup;
			children = (
				9AACEB88291851E1009B506D /* IPv64.app */,
				9ABB37CC297B26A600FC9B74 /* HealthcheckWidgetExtension.appex */,
				9A3313FA29844E4D009E47F5 /* HealthcheckIntents.appex */,
			);
			name = Products;
			sourceTree = "<group>";
		};
		9AACEB8A291851E1009B506D /* IPv64 */ = {
			isa = PBXGroup;
			children = (
				9ABB37F5297B659200FC9B74 /* IPv64.entitlements */,
				9AB155C329747F5C0052F21E /* Info.plist */,
				9A7CDCE2296DEBF700237D5B /* Models&Helpers */,
				9A7CDCE1296DEBE800237D5B /* HelperViews */,
				9A7CDCDE296DEA6F00237D5B /* Main */,
				9AACEB91291851E2009B506D /* Preview Content */,
				9AACEB8B291851E1009B506D /* IPv64App.swift */,
				9AACEB8F291851E2009B506D /* Assets.xcassets */,
				9AACEB96291851E2009B506D /* IPv64.xcdatamodeld */,
			);
			path = IPv64;
			sourceTree = "<group>";
		};
		9AACEB91291851E2009B506D /* Preview Content */ = {
			isa = PBXGroup;
			children = (
				9AACEB92291851E2009B506D /* Preview Assets.xcassets */,
			);
			path = "Preview Content";
			sourceTree = "<group>";
		};
		9ABB37CD297B26A600FC9B74 /* Frameworks */ = {
			isa = PBXGroup;
			children = (
				9ABB37CE297B26A600FC9B74 /* WidgetKit.framework */,
				9ABB37D0297B26A600FC9B74 /* SwiftUI.framework */,
				9A3313FB29844E4D009E47F5 /* Intents.framework */,
			);
			name = Frameworks;
			sourceTree = "<group>";
		};
		9ABB37D2297B26A600FC9B74 /* HealthcheckWidget */ = {
			isa = PBXGroup;
			children = (
				9ABB37EF297B2FEA00FC9B74 /* WidgetSizes */,
				9ABB37D3297B26A600FC9B74 /* HealthcheckWidgetBundle.swift */,
				9ABB37D5297B26A600FC9B74 /* HealthcheckWidgetLiveActivity.swift */,
				9ABB37D7297B26A600FC9B74 /* HealthcheckWidget.swift */,
				9ABB37D9297B26A600FC9B74 /* HealthcheckWidget.intentdefinition */,
				9ABB37DA297B26A700FC9B74 /* Assets.xcassets */,
				9ABB37DC297B26A700FC9B74 /* Info.plist */,
			);
			path = HealthcheckWidget;
			sourceTree = "<group>";
		};
		9ABB37EF297B2FEA00FC9B74 /* WidgetSizes */ = {
			isa = PBXGroup;
			children = (
				9AE5E22D298302280019D524 /* AccessoryInlineView.swift */,
				9ABB37E6297B2BFF00FC9B74 /* MediumSizeView.swift */,
				9ABB37E8297B2C1600FC9B74 /* SmallSizeView.swift */,
				9ABB37EA297B2C2A00FC9B74 /* LargeSizeView.swift */,
			);
			path = WidgetSizes;
			sourceTree = "<group>";
		};
		9AD5DF5C2975B5C8007928F6 /* Healthcheck */ = {
			isa = PBXGroup;
			children = (
				9AD5DF662975ECD3007928F6 /* Sheets */,
				9AD5DF5F2975B6E3007928F6 /* Items */,
				9AD5DF5D2975B5DB007928F6 /* HealthcheckView.swift */,
				9AB78EB6297740D00047FDFA /* DetailHealthcheckView.swift */,
			);
			path = Healthcheck;
			sourceTree = "<group>";
		};
		9AD5DF5F2975B6E3007928F6 /* Items */ = {
			isa = PBXGroup;
			children = (
				9AD5DF602975BAC3007928F6 /* HealthcheckStatsView.swift */,
				9AD5DF622975BAD7007928F6 /* HealthcheckStatsItem.swift */,
			);
			path = Items;
			sourceTree = "<group>";
		};
		9AD5DF662975ECD3007928F6 /* Sheets */ = {
			isa = PBXGroup;
			children = (
				9ABB37F7297C6BDB00FC9B74 /* EditHealthcheckView.swift */,
				9AD5DF642975ECC1007928F6 /* NewHealthcheckView.swift */,
			);
			path = Sheets;
			sourceTree = "<group>";
		};
/* End PBXGroup section */

/* Begin PBXNativeTarget section */
		9A3313F929844E4D009E47F5 /* HealthcheckIntents */ = {
			isa = PBXNativeTarget;
			buildConfigurationList = 9A33140629844E4D009E47F5 /* Build configuration list for PBXNativeTarget "HealthcheckIntents" */;
			buildPhases = (
				9A3313F629844E4D009E47F5 /* Sources */,
				9A3313F729844E4D009E47F5 /* Frameworks */,
				9A3313F829844E4D009E47F5 /* Resources */,
			);
			buildRules = (
			);
			dependencies = (
			);
			name = HealthcheckIntents;
			productName = HealthcheckIntents;
			productReference = 9A3313FA29844E4D009E47F5 /* HealthcheckIntents.appex */;
			productType = "com.apple.product-type.app-extension";
		};
		9AACEB87291851E1009B506D /* IPv64 */ = {
			isa = PBXNativeTarget;
			buildConfigurationList = 9AACEB9B291851E2009B506D /* Build configuration list for PBXNativeTarget "IPv64" */;
			buildPhases = (
				9AACEB84291851E1009B506D /* Sources */,
				9AACEB85291851E1009B506D /* Frameworks */,
				9AACEB86291851E1009B506D /* Resources */,
				9ABB37E2297B26A700FC9B74 /* Embed Foundation Extensions */,
			);
			buildRules = (
			);
			dependencies = (
				9ABB37E0297B26A700FC9B74 /* PBXTargetDependency */,
				9A33140229844E4D009E47F5 /* PBXTargetDependency */,
			);
			name = IPv64;
			packageProductDependencies = (
				9A08D1D72979AB47002CF0E8 /* Introspect */,
			);
			productName = IPv64;
			productReference = 9AACEB88291851E1009B506D /* IPv64.app */;
			productType = "com.apple.product-type.application";
		};
		9ABB37CB297B26A600FC9B74 /* HealthcheckWidgetExtension */ = {
			isa = PBXNativeTarget;
			buildConfigurationList = 9ABB37E5297B26A700FC9B74 /* Build configuration list for PBXNativeTarget "HealthcheckWidgetExtension" */;
			buildPhases = (
				9ABB37C8297B26A600FC9B74 /* Sources */,
				9ABB37C9297B26A600FC9B74 /* Frameworks */,
				9ABB37CA297B26A600FC9B74 /* Resources */,
			);
			buildRules = (
			);
			dependencies = (
			);
			name = HealthcheckWidgetExtension;
			productName = HealthcheckWidgetExtension;
			productReference = 9ABB37CC297B26A600FC9B74 /* HealthcheckWidgetExtension.appex */;
			productType = "com.apple.product-type.app-extension";
		};
/* End PBXNativeTarget section */

/* Begin PBXProject section */
		9AACEB80291851E1009B506D /* Project object */ = {
			isa = PBXProject;
			attributes = {
				BuildIndependentTargetsInParallel = 1;
				LastSwiftUpdateCheck = 1420;
				LastUpgradeCheck = 1410;
				TargetAttributes = {
					9A3313F929844E4D009E47F5 = {
						CreatedOnToolsVersion = 14.2;
					};
					9AACEB87291851E1009B506D = {
						CreatedOnToolsVersion = 14.1;
					};
					9ABB37CB297B26A600FC9B74 = {
						CreatedOnToolsVersion = 14.2;
					};
				};
			};
			buildConfigurationList = 9AACEB83291851E1009B506D /* Build configuration list for PBXProject "IPv64" */;
			compatibilityVersion = "Xcode 14.0";
			developmentRegion = en;
			hasScannedForEncodings = 0;
			knownRegions = (
				en,
				Base,
			);
			mainGroup = 9AACEB7F291851E1009B506D;
			packageReferences = (
				9A08D1D62979AB47002CF0E8 /* XCRemoteSwiftPackageReference "SwiftUI-Introspect" */,
			);
			productRefGroup = 9AACEB89291851E1009B506D /* Products */;
			projectDirPath = "";
			projectRoot = "";
			targets = (
				9AACEB87291851E1009B506D /* IPv64 */,
				9ABB37CB297B26A600FC9B74 /* HealthcheckWidgetExtension */,
				9A3313F929844E4D009E47F5 /* HealthcheckIntents */,
			);
		};
/* End PBXProject section */

/* Begin PBXResourcesBuildPhase section */
		9A3313F829844E4D009E47F5 /* Resources */ = {
			isa = PBXResourcesBuildPhase;
			buildActionMask = 2147483647;
			files = (
			);
			runOnlyForDeploymentPostprocessing = 0;
		};
		9AACEB86291851E1009B506D /* Resources */ = {
			isa = PBXResourcesBuildPhase;
			buildActionMask = 2147483647;
			files = (
				9AACEB93291851E2009B506D /* Preview Assets.xcassets in Resources */,
				9AACEB90291851E2009B506D /* Assets.xcassets in Resources */,
			);
			runOnlyForDeploymentPostprocessing = 0;
		};
		9ABB37CA297B26A600FC9B74 /* Resources */ = {
			isa = PBXResourcesBuildPhase;
			buildActionMask = 2147483647;
			files = (
				9ABB37F1297B380300FC9B74 /* Assets.xcassets in Resources */,
				9ABB37DB297B26A700FC9B74 /* Assets.xcassets in Resources */,
			);
			runOnlyForDeploymentPostprocessing = 0;
		};
/* End PBXResourcesBuildPhase section */

/* Begin PBXSourcesBuildPhase section */
		9A3313F629844E4D009E47F5 /* Sources */ = {
			isa = PBXSourcesBuildPhase;
			buildActionMask = 2147483647;
			files = (
				9A33140A29845F21009E47F5 /* NetworkServices.swift in Sources */,
				9A33140C29845F4B009E47F5 /* SetupPrefs.swift in Sources */,
				9A3313FF29844E4D009E47F5 /* IntentHandler.swift in Sources */,
				9A33140729844F1B009E47F5 /* HealthcheckWidget.intentdefinition in Sources */,
				9A33140B29845F41009E47F5 /* Models.swift in Sources */,
			);
			runOnlyForDeploymentPostprocessing = 0;
		};
		9AACEB84291851E1009B506D /* Sources */ = {
			isa = PBXSourcesBuildPhase;
			buildActionMask = 2147483647;
			files = (
				9AACEBA1291853C9009B506D /* NetworkServices.swift in Sources */,
				9A8D5C0529199141006B8A74 /* HelpView.swift in Sources */,
				9A0034FE2930F9460065E1F3 /* ProfilView.swift in Sources */,
				9ABB37F8297C6BDB00FC9B74 /* EditHealthcheckView.swift in Sources */,
				9AD5DF612975BAC3007928F6 /* HealthcheckStatsView.swift in Sources */,
				9AD5DF652975ECC1007928F6 /* NewHealthcheckView.swift in Sources */,
				9AACEBA8291857AF009B506D /* SpinnerView.swift in Sources */,
				9AD5DF632975BAD7007928F6 /* HealthcheckStatsItem.swift in Sources */,
				9A003506293129930065E1F3 /* AccountView.swift in Sources */,
				9AB155C229747DAC0052F21E /* CodeScanner.swift in Sources */,
				9AACEB8E291851E1009B506D /* ContentView.swift in Sources */,
				9AACEB8C291851E1009B506D /* IPv64App.swift in Sources */,
				9AD5DF5E2975B5DB007928F6 /* HealthcheckView.swift in Sources */,
				9A5A359F29756EFA006F27EB /* WhatsNewItemView.swift in Sources */,
				9A003502293101350065E1F3 /* LogView.swift in Sources */,
				9AACEBA62918577D009B506D /* SetupPrefs.swift in Sources */,
				9AACEB9F2918524B009B506D /* LoginView.swift in Sources */,
				9AB78EB7297740D00047FDFA /* DetailHealthcheckView.swift in Sources */,
				9AAEF657297F0D3800726849 /* LockView.swift in Sources */,
				9A8D5BE429197355006B8A74 /* DetailDomainView.swift in Sources */,
				9AC2EDEC291ADFAF00140CD9 /* NewDomainDNSView.swift in Sources */,
				9A0034FC2930F9200065E1F3 /* TabbView.swift in Sources */,
				9A0035002930FD010065E1F3 /* IPView.swift in Sources */,
				9A0035042931062B0065E1F3 /* LogItemView.swift in Sources */,
				9A8D5BE229196290006B8A74 /* ErrorSheetView.swift in Sources */,
				9AAEF655297F089D00726849 /* Biometrics.swift in Sources */,
				9ABB37DE297B26A700FC9B74 /* HealthcheckWidget.intentdefinition in Sources */,
				9A5A359E29756EFA006F27EB /* WhatsNewView.swift in Sources */,
				9AACEBAA2918609F009B506D /* NewDomainView.swift in Sources */,
				9AACEB98291851E2009B506D /* IPv64.xcdatamodeld in Sources */,
				9A33140929845AF1009E47F5 /* IntentHandler.swift in Sources */,
				9AACEBA429185411009B506D /* Models.swift in Sources */,
			);
			runOnlyForDeploymentPostprocessing = 0;
		};
		9ABB37C8297B26A600FC9B74 /* Sources */ = {
			isa = PBXSourcesBuildPhase;
			buildActionMask = 2147483647;
			files = (
				9ABB37EC297B2CD900FC9B74 /* SmallSizeView.swift in Sources */,
				9ABB37D8297B26A600FC9B74 /* HealthcheckWidget.swift in Sources */,
				9ABB37D4297B26A600FC9B74 /* HealthcheckWidgetBundle.swift in Sources */,
				9ABB37F2297B533200FC9B74 /* NetworkServices.swift in Sources */,
				9ABB37F0297B314400FC9B74 /* Models.swift in Sources */,
				9ABB37ED297B2CD900FC9B74 /* LargeSizeView.swift in Sources */,
				9A33140829845032009E47F5 /* IntentHandler.swift in Sources */,
				9ABB37F3297B544800FC9B74 /* SetupPrefs.swift in Sources */,
				9ABB37D6297B26A600FC9B74 /* HealthcheckWidgetLiveActivity.swift in Sources */,
				9ABB37EE297B2CD900FC9B74 /* MediumSizeView.swift in Sources */,
				9ABB37F4297B5CB800FC9B74 /* SpinnerView.swift in Sources */,
				9AE5E22E298302280019D524 /* AccessoryInlineView.swift in Sources */,
				9ABB37DD297B26A700FC9B74 /* HealthcheckWidget.intentdefinition in Sources */,
			);
			runOnlyForDeploymentPostprocessing = 0;
		};
/* End PBXSourcesBuildPhase section */

/* Begin PBXTargetDependency section */
		9A33140229844E4D009E47F5 /* PBXTargetDependency */ = {
			isa = PBXTargetDependency;
			target = 9A3313F929844E4D009E47F5 /* HealthcheckIntents */;
			targetProxy = 9A33140129844E4D009E47F5 /* PBXContainerItemProxy */;
		};
		9ABB37E0297B26A700FC9B74 /* PBXTargetDependency */ = {
			isa = PBXTargetDependency;
			target = 9ABB37CB297B26A600FC9B74 /* HealthcheckWidgetExtension */;
			targetProxy = 9ABB37DF297B26A700FC9B74 /* PBXContainerItemProxy */;
		};
/* End PBXTargetDependency section */

/* Begin XCBuildConfiguration section */
		9A33140429844E4D009E47F5 /* Debug */ = {
			isa = XCBuildConfiguration;
			buildSettings = {
				CODE_SIGN_ENTITLEMENTS = HealthcheckIntents/HealthcheckIntents.entitlements;
				CODE_SIGN_STYLE = Automatic;
				CURRENT_PROJECT_VERSION = 1;
				DEVELOPMENT_TEAM = 3V2L6G4Y5X;
				GENERATE_INFOPLIST_FILE = YES;
				INFOPLIST_FILE = HealthcheckIntents/Info.plist;
				INFOPLIST_KEY_CFBundleDisplayName = HealthcheckIntents;
				INFOPLIST_KEY_NSHumanReadableCopyright = "";
				IPHONEOS_DEPLOYMENT_TARGET = 16.2;
				LD_RUNPATH_SEARCH_PATHS = (
					"$(inherited)",
					"@executable_path/Frameworks",
					"@executable_path/../../Frameworks",
				);
				MARKETING_VERSION = 1.0;
				PRODUCT_BUNDLE_IDENTIFIER = de.rpicloud.IPv64.HealthcheckIntents;
				PRODUCT_NAME = "$(TARGET_NAME)";
				SKIP_INSTALL = YES;
				SWIFT_EMIT_LOC_STRINGS = YES;
				SWIFT_VERSION = 5.0;
				TARGETED_DEVICE_FAMILY = "1,2";
			};
			name = Debug;
		};
		9A33140529844E4D009E47F5 /* Release */ = {
			isa = XCBuildConfiguration;
			buildSettings = {
				CODE_SIGN_ENTITLEMENTS = HealthcheckIntents/HealthcheckIntents.entitlements;
				CODE_SIGN_STYLE = Automatic;
				CURRENT_PROJECT_VERSION = 1;
				DEVELOPMENT_TEAM = 3V2L6G4Y5X;
				GENERATE_INFOPLIST_FILE = YES;
				INFOPLIST_FILE = HealthcheckIntents/Info.plist;
				INFOPLIST_KEY_CFBundleDisplayName = HealthcheckIntents;
				INFOPLIST_KEY_NSHumanReadableCopyright = "";
				IPHONEOS_DEPLOYMENT_TARGET = 16.2;
				LD_RUNPATH_SEARCH_PATHS = (
					"$(inherited)",
					"@executable_path/Frameworks",
					"@executable_path/../../Frameworks",
				);
				MARKETING_VERSION = 1.0;
				PRODUCT_BUNDLE_IDENTIFIER = de.rpicloud.IPv64.HealthcheckIntents;
				PRODUCT_NAME = "$(TARGET_NAME)";
				SKIP_INSTALL = YES;
				SWIFT_EMIT_LOC_STRINGS = YES;
				SWIFT_VERSION = 5.0;
				TARGETED_DEVICE_FAMILY = "1,2";
			};
			name = Release;
		};
		9AACEB99291851E2009B506D /* Debug */ = {
			isa = XCBuildConfiguration;
			buildSettings = {
				ALWAYS_SEARCH_USER_PATHS = NO;
				CLANG_ANALYZER_NONNULL = YES;
				CLANG_ANALYZER_NUMBER_OBJECT_CONVERSION = YES_AGGRESSIVE;
				CLANG_CXX_LANGUAGE_STANDARD = "gnu++20";
				CLANG_ENABLE_MODULES = YES;
				CLANG_ENABLE_OBJC_ARC = YES;
				CLANG_ENABLE_OBJC_WEAK = YES;
				CLANG_WARN_BLOCK_CAPTURE_AUTORELEASING = YES;
				CLANG_WARN_BOOL_CONVERSION = YES;
				CLANG_WARN_COMMA = YES;
				CLANG_WARN_CONSTANT_CONVERSION = YES;
				CLANG_WARN_DEPRECATED_OBJC_IMPLEMENTATIONS = YES;
				CLANG_WARN_DIRECT_OBJC_ISA_USAGE = YES_ERROR;
				CLANG_WARN_DOCUMENTATION_COMMENTS = YES;
				CLANG_WARN_EMPTY_BODY = YES;
				CLANG_WARN_ENUM_CONVERSION = YES;
				CLANG_WARN_INFINITE_RECURSION = YES;
				CLANG_WARN_INT_CONVERSION = YES;
				CLANG_WARN_NON_LITERAL_NULL_CONVERSION = YES;
				CLANG_WARN_OBJC_IMPLICIT_RETAIN_SELF = YES;
				CLANG_WARN_OBJC_LITERAL_CONVERSION = YES;
				CLANG_WARN_OBJC_ROOT_CLASS = YES_ERROR;
				CLANG_WARN_QUOTED_INCLUDE_IN_FRAMEWORK_HEADER = YES;
				CLANG_WARN_RANGE_LOOP_ANALYSIS = YES;
				CLANG_WARN_STRICT_PROTOTYPES = YES;
				CLANG_WARN_SUSPICIOUS_MOVE = YES;
				CLANG_WARN_UNGUARDED_AVAILABILITY = YES_AGGRESSIVE;
				CLANG_WARN_UNREACHABLE_CODE = YES;
				CLANG_WARN__DUPLICATE_METHOD_MATCH = YES;
				COPY_PHASE_STRIP = NO;
				DEBUG_INFORMATION_FORMAT = dwarf;
				ENABLE_STRICT_OBJC_MSGSEND = YES;
				ENABLE_TESTABILITY = YES;
				GCC_C_LANGUAGE_STANDARD = gnu11;
				GCC_DYNAMIC_NO_PIC = NO;
				GCC_NO_COMMON_BLOCKS = YES;
				GCC_OPTIMIZATION_LEVEL = 0;
				GCC_PREPROCESSOR_DEFINITIONS = (
					"DEBUG=1",
					"$(inherited)",
				);
				GCC_WARN_64_TO_32_BIT_CONVERSION = YES;
				GCC_WARN_ABOUT_RETURN_TYPE = YES_ERROR;
				GCC_WARN_UNDECLARED_SELECTOR = YES;
				GCC_WARN_UNINITIALIZED_AUTOS = YES_AGGRESSIVE;
				GCC_WARN_UNUSED_FUNCTION = YES;
				GCC_WARN_UNUSED_VARIABLE = YES;
				IPHONEOS_DEPLOYMENT_TARGET = 16.1;
				MTL_ENABLE_DEBUG_INFO = INCLUDE_SOURCE;
				MTL_FAST_MATH = YES;
				ONLY_ACTIVE_ARCH = YES;
				SDKROOT = iphoneos;
				SWIFT_ACTIVE_COMPILATION_CONDITIONS = DEBUG;
				SWIFT_OPTIMIZATION_LEVEL = "-Onone";
			};
			name = Debug;
		};
		9AACEB9A291851E2009B506D /* Release */ = {
			isa = XCBuildConfiguration;
			buildSettings = {
				ALWAYS_SEARCH_USER_PATHS = NO;
				CLANG_ANALYZER_NONNULL = YES;
				CLANG_ANALYZER_NUMBER_OBJECT_CONVERSION = YES_AGGRESSIVE;
				CLANG_CXX_LANGUAGE_STANDARD = "gnu++20";
				CLANG_ENABLE_MODULES = YES;
				CLANG_ENABLE_OBJC_ARC = YES;
				CLANG_ENABLE_OBJC_WEAK = YES;
				CLANG_WARN_BLOCK_CAPTURE_AUTORELEASING = YES;
				CLANG_WARN_BOOL_CONVERSION = YES;
				CLANG_WARN_COMMA = YES;
				CLANG_WARN_CONSTANT_CONVERSION = YES;
				CLANG_WARN_DEPRECATED_OBJC_IMPLEMENTATIONS = YES;
				CLANG_WARN_DIRECT_OBJC_ISA_USAGE = YES_ERROR;
				CLANG_WARN_DOCUMENTATION_COMMENTS = YES;
				CLANG_WARN_EMPTY_BODY = YES;
				CLANG_WARN_ENUM_CONVERSION = YES;
				CLANG_WARN_INFINITE_RECURSION = YES;
				CLANG_WARN_INT_CONVERSION = YES;
				CLANG_WARN_NON_LITERAL_NULL_CONVERSION = YES;
				CLANG_WARN_OBJC_IMPLICIT_RETAIN_SELF = YES;
				CLANG_WARN_OBJC_LITERAL_CONVERSION = YES;
				CLANG_WARN_OBJC_ROOT_CLASS = YES_ERROR;
				CLANG_WARN_QUOTED_INCLUDE_IN_FRAMEWORK_HEADER = YES;
				CLANG_WARN_RANGE_LOOP_ANALYSIS = YES;
				CLANG_WARN_STRICT_PROTOTYPES = YES;
				CLANG_WARN_SUSPICIOUS_MOVE = YES;
				CLANG_WARN_UNGUARDED_AVAILABILITY = YES_AGGRESSIVE;
				CLANG_WARN_UNREACHABLE_CODE = YES;
				CLANG_WARN__DUPLICATE_METHOD_MATCH = YES;
				COPY_PHASE_STRIP = NO;
				DEBUG_INFORMATION_FORMAT = "dwarf-with-dsym";
				ENABLE_NS_ASSERTIONS = NO;
				ENABLE_STRICT_OBJC_MSGSEND = YES;
				GCC_C_LANGUAGE_STANDARD = gnu11;
				GCC_NO_COMMON_BLOCKS = YES;
				GCC_WARN_64_TO_32_BIT_CONVERSION = YES;
				GCC_WARN_ABOUT_RETURN_TYPE = YES_ERROR;
				GCC_WARN_UNDECLARED_SELECTOR = YES;
				GCC_WARN_UNINITIALIZED_AUTOS = YES_AGGRESSIVE;
				GCC_WARN_UNUSED_FUNCTION = YES;
				GCC_WARN_UNUSED_VARIABLE = YES;
				IPHONEOS_DEPLOYMENT_TARGET = 16.1;
				MTL_ENABLE_DEBUG_INFO = NO;
				MTL_FAST_MATH = YES;
				SDKROOT = iphoneos;
				SWIFT_COMPILATION_MODE = wholemodule;
				SWIFT_OPTIMIZATION_LEVEL = "-O";
				VALIDATE_PRODUCT = YES;
			};
			name = Release;
		};
		9AACEB9C291851E2009B506D /* Debug */ = {
			isa = XCBuildConfiguration;
			buildSettings = {
				ALWAYS_EMBED_SWIFT_STANDARD_LIBRARIES = YES;
				ASSETCATALOG_COMPILER_APPICON_NAME = AppIcon;
				ASSETCATALOG_COMPILER_GLOBAL_ACCENT_COLOR_NAME = AccentColor;
				CODE_SIGN_ENTITLEMENTS = IPv64/IPv64.entitlements;
				CODE_SIGN_STYLE = Automatic;
				CURRENT_PROJECT_VERSION = 17;
				DEVELOPMENT_ASSET_PATHS = "\"IPv64/Preview Content\"";
				DEVELOPMENT_TEAM = 3V2L6G4Y5X;
				ENABLE_PREVIEWS = YES;
				GENERATE_INFOPLIST_FILE = YES;
				INFOPLIST_FILE = IPv64/Info.plist;
				INFOPLIST_KEY_CFBundleDisplayName = IPv64.net;
				INFOPLIST_KEY_LSApplicationCategoryType = "public.app-category.developer-tools";
				INFOPLIST_KEY_NSCameraUsageDescription = "Die App benötigt diese Berechtigung um den QR Code auszulesen.";
				INFOPLIST_KEY_NSFaceIDUsageDescription = "Die App benötigt diese Berechtigung um die Inhalte freizugeben, wenn aktiviert.";
				INFOPLIST_KEY_UIApplicationSceneManifest_Generation = YES;
				INFOPLIST_KEY_UIApplicationSupportsIndirectInputEvents = YES;
				INFOPLIST_KEY_UILaunchScreen_Generation = YES;
				INFOPLIST_KEY_UIStatusBarStyle = "";
				INFOPLIST_KEY_UISupportedInterfaceOrientations = UIInterfaceOrientationPortrait;
				INFOPLIST_KEY_UISupportedInterfaceOrientations_iPad = "UIInterfaceOrientationLandscapeLeft UIInterfaceOrientationLandscapeRight UIInterfaceOrientationPortrait UIInterfaceOrientationPortraitUpsideDown";
				IPHONEOS_DEPLOYMENT_TARGET = 15.0;
				LD_RUNPATH_SEARCH_PATHS = (
					"$(inherited)",
					"@executable_path/Frameworks",
				);
				MARKETING_VERSION = 1.1.6;
				PRODUCT_BUNDLE_IDENTIFIER = de.rpicloud.IPv64;
				PRODUCT_NAME = "$(TARGET_NAME)";
				SWIFT_EMIT_LOC_STRINGS = YES;
				SWIFT_VERSION = 5.0;
				TARGETED_DEVICE_FAMILY = "1,2";
			};
			name = Debug;
		};
		9AACEB9D291851E2009B506D /* Release */ = {
			isa = XCBuildConfiguration;
			buildSettings = {
				ALWAYS_EMBED_SWIFT_STANDARD_LIBRARIES = YES;
				ASSETCATALOG_COMPILER_APPICON_NAME = AppIcon;
				ASSETCATALOG_COMPILER_GLOBAL_ACCENT_COLOR_NAME = AccentColor;
				CODE_SIGN_ENTITLEMENTS = IPv64/IPv64.entitlements;
				CODE_SIGN_STYLE = Automatic;
				CURRENT_PROJECT_VERSION = 17;
				DEVELOPMENT_ASSET_PATHS = "\"IPv64/Preview Content\"";
				DEVELOPMENT_TEAM = 3V2L6G4Y5X;
				ENABLE_PREVIEWS = YES;
				GENERATE_INFOPLIST_FILE = YES;
				INFOPLIST_FILE = IPv64/Info.plist;
				INFOPLIST_KEY_CFBundleDisplayName = IPv64.net;
				INFOPLIST_KEY_LSApplicationCategoryType = "public.app-category.developer-tools";
				INFOPLIST_KEY_NSCameraUsageDescription = "Die App benötigt diese Berechtigung um den QR Code auszulesen.";
				INFOPLIST_KEY_NSFaceIDUsageDescription = "Die App benötigt diese Berechtigung um die Inhalte freizugeben, wenn aktiviert.";
				INFOPLIST_KEY_UIApplicationSceneManifest_Generation = YES;
				INFOPLIST_KEY_UIApplicationSupportsIndirectInputEvents = YES;
				INFOPLIST_KEY_UILaunchScreen_Generation = YES;
				INFOPLIST_KEY_UIStatusBarStyle = "";
				INFOPLIST_KEY_UISupportedInterfaceOrientations = UIInterfaceOrientationPortrait;
				INFOPLIST_KEY_UISupportedInterfaceOrientations_iPad = "UIInterfaceOrientationLandscapeLeft UIInterfaceOrientationLandscapeRight UIInterfaceOrientationPortrait UIInterfaceOrientationPortraitUpsideDown";
				IPHONEOS_DEPLOYMENT_TARGET = 15.0;
				LD_RUNPATH_SEARCH_PATHS = (
					"$(inherited)",
					"@executable_path/Frameworks",
				);
				MARKETING_VERSION = 1.1.6;
				PRODUCT_BUNDLE_IDENTIFIER = de.rpicloud.IPv64;
				PRODUCT_NAME = "$(TARGET_NAME)";
				SWIFT_EMIT_LOC_STRINGS = YES;
				SWIFT_VERSION = 5.0;
				TARGETED_DEVICE_FAMILY = "1,2";
			};
			name = Release;
		};
		9ABB37E3297B26A700FC9B74 /* Debug */ = {
			isa = XCBuildConfiguration;
			buildSettings = {
				ASSETCATALOG_COMPILER_GLOBAL_ACCENT_COLOR_NAME = AccentColor;
				ASSETCATALOG_COMPILER_WIDGET_BACKGROUND_COLOR_NAME = WidgetBackground;
				CODE_SIGN_ENTITLEMENTS = HealthcheckWidgetExtension.entitlements;
				CODE_SIGN_STYLE = Automatic;
				CURRENT_PROJECT_VERSION = 1;
				DEVELOPMENT_TEAM = 3V2L6G4Y5X;
				GENERATE_INFOPLIST_FILE = YES;
				INFOPLIST_FILE = HealthcheckWidget/Info.plist;
				INFOPLIST_KEY_CFBundleDisplayName = HealthcheckWidget;
				INFOPLIST_KEY_NSHumanReadableCopyright = "";
				IPHONEOS_DEPLOYMENT_TARGET = 16.2;
				LD_RUNPATH_SEARCH_PATHS = (
					"$(inherited)",
					"@executable_path/Frameworks",
					"@executable_path/../../Frameworks",
				);
				MARKETING_VERSION = 1.0;
				PRODUCT_BUNDLE_IDENTIFIER = de.rpicloud.IPv64.HealthcheckWidget;
				PRODUCT_NAME = "$(TARGET_NAME)";
				SKIP_INSTALL = YES;
				SWIFT_EMIT_LOC_STRINGS = YES;
				SWIFT_VERSION = 5.0;
				TARGETED_DEVICE_FAMILY = "1,2";
			};
			name = Debug;
		};
		9ABB37E4297B26A700FC9B74 /* Release */ = {
			isa = XCBuildConfiguration;
			buildSettings = {
				ASSETCATALOG_COMPILER_GLOBAL_ACCENT_COLOR_NAME = AccentColor;
				ASSETCATALOG_COMPILER_WIDGET_BACKGROUND_COLOR_NAME = WidgetBackground;
				CODE_SIGN_ENTITLEMENTS = HealthcheckWidgetExtension.entitlements;
				CODE_SIGN_STYLE = Automatic;
				CURRENT_PROJECT_VERSION = 1;
				DEVELOPMENT_TEAM = 3V2L6G4Y5X;
				GENERATE_INFOPLIST_FILE = YES;
				INFOPLIST_FILE = HealthcheckWidget/Info.plist;
				INFOPLIST_KEY_CFBundleDisplayName = HealthcheckWidget;
				INFOPLIST_KEY_NSHumanReadableCopyright = "";
				IPHONEOS_DEPLOYMENT_TARGET = 16.2;
				LD_RUNPATH_SEARCH_PATHS = (
					"$(inherited)",
					"@executable_path/Frameworks",
					"@executable_path/../../Frameworks",
				);
				MARKETING_VERSION = 1.0;
				PRODUCT_BUNDLE_IDENTIFIER = de.rpicloud.IPv64.HealthcheckWidget;
				PRODUCT_NAME = "$(TARGET_NAME)";
				SKIP_INSTALL = YES;
				SWIFT_EMIT_LOC_STRINGS = YES;
				SWIFT_VERSION = 5.0;
				TARGETED_DEVICE_FAMILY = "1,2";
			};
			name = Release;
		};
/* End XCBuildConfiguration section */

/* Begin XCConfigurationList section */
		9A33140629844E4D009E47F5 /* Build configuration list for PBXNativeTarget "HealthcheckIntents" */ = {
			isa = XCConfigurationList;
			buildConfigurations = (
				9A33140429844E4D009E47F5 /* Debug */,
				9A33140529844E4D009E47F5 /* Release */,
			);
			defaultConfigurationIsVisible = 0;
			defaultConfigurationName = Release;
		};
		9AACEB83291851E1009B506D /* Build configuration list for PBXProject "IPv64" */ = {
			isa = XCConfigurationList;
			buildConfigurations = (
				9AACEB99291851E2009B506D /* Debug */,
				9AACEB9A291851E2009B506D /* Release */,
			);
			defaultConfigurationIsVisible = 0;
			defaultConfigurationName = Release;
		};
		9AACEB9B291851E2009B506D /* Build configuration list for PBXNativeTarget "IPv64" */ = {
			isa = XCConfigurationList;
			buildConfigurations = (
				9AACEB9C291851E2009B506D /* Debug */,
				9AACEB9D291851E2009B506D /* Release */,
			);
			defaultConfigurationIsVisible = 0;
			defaultConfigurationName = Release;
		};
		9ABB37E5297B26A700FC9B74 /* Build configuration list for PBXNativeTarget "HealthcheckWidgetExtension" */ = {
			isa = XCConfigurationList;
			buildConfigurations = (
				9ABB37E3297B26A700FC9B74 /* Debug */,
				9ABB37E4297B26A700FC9B74 /* Release */,
			);
			defaultConfigurationIsVisible = 0;
			defaultConfigurationName = Release;
		};
/* End XCConfigurationList section */

/* Begin XCRemoteSwiftPackageReference section */
		9A08D1D62979AB47002CF0E8 /* XCRemoteSwiftPackageReference "SwiftUI-Introspect" */ = {
			isa = XCRemoteSwiftPackageReference;
			repositoryURL = "https://github.com/siteline/SwiftUI-Introspect.git";
			requirement = {
				kind = upToNextMajorVersion;
				minimumVersion = 0.1.4;
			};
		};
/* End XCRemoteSwiftPackageReference section */

/* Begin XCSwiftPackageProductDependency section */
		9A08D1D72979AB47002CF0E8 /* Introspect */ = {
			isa = XCSwiftPackageProductDependency;
			package = 9A08D1D62979AB47002CF0E8 /* XCRemoteSwiftPackageReference "SwiftUI-Introspect" */;
			productName = Introspect;
		};
/* End XCSwiftPackageProductDependency section */

/* Begin XCVersionGroup section */
		9AACEB96291851E2009B506D /* IPv64.xcdatamodeld */ = {
			isa = XCVersionGroup;
			children = (
				9AACEB97291851E2009B506D /* IPv64.xcdatamodel */,
			);
			currentVersion = 9AACEB97291851E2009B506D /* IPv64.xcdatamodel */;
			path = IPv64.xcdatamodeld;
			sourceTree = "<group>";
			versionGroupType = wrapper.xcdatamodel;
		};
/* End XCVersionGroup section */
	};
	rootObject = 9AACEB80291851E1009B506D /* Project object */;
}
